
Microsoft Visual Studio Solution File, Format Version 12.00
# Visual Studio Version 17
VisualStudioVersion = 17.1.32407.343
MinimumVisualStudioVersion = 10.0.40219.1
Project("{8BC9CEB8-8B4A-11D0-8D11-00A0C91BC942}") = "Mulmod trials", "Project1\Project1.vcxproj", "{BD0B1755-0DF3-4A2D-B28F-ABAEB937B6B5}"
	ProjectSection(ProjectDependencies) = postProject
		{2E118B1A-1F7F-49A3-A95C-6919C8517303} = {2E118B1A-1F7F-49A3-A95C-6919C8517303}
	EndProjectSection
EndProject
Project("{8BC9CEB8-8B4A-11D0-8D11-00A0C91BC942}") = "DLL attempt", "DLL attempt\DLL attempt.vcxproj", "{26681E83-E044-449A-B0EA-A418BA275F3E}"
EndProject
Project("{8BC9CEB8-8B4A-11D0-8D11-00A0C91BC942}") = "ipow test", "ipow test\ipow test.vcxproj", "{D3B9D5E8-0DBB-4CB0-941B-BD4BBE3238B1}"
EndProject
Project("{8BC9CEB8-8B4A-11D0-8D11-00A0C91BC942}") = "FactorsDLL", "FactorsDLL\FactorsDLL.vcxproj", "{80302417-C9DF-49D6-BE8B-332BFA402396}"
EndProject
Project("{8BC9CEB8-8B4A-11D0-8D11-00A0C91BC942}") = "Factors tests", "FactorsA\FactorsA.vcxproj", "{EFF33D5F-57AA-4AD4-B9AC-6831E3F5C7D3}"
EndProject
Project("{8BC9CEB8-8B4A-11D0-8D11-00A0C91BC942}") = "ctypesDLL", "ctypesDLL\ctypesDLL.vcxproj", "{530DC532-FA29-41FD-B8DA-7A7A4E203993}"
EndProject
Project("{8BC9CEB8-8B4A-11D0-8D11-00A0C91BC942}") = "Division by Multiplication", "Division by Multiplication\Division by Multiplication.vcxproj", "{D4B3B630-DE02-493B-AEBA-9E108DED6CB7}"
EndProject
Project("{8BC9CEB8-8B4A-11D0-8D11-00A0C91BC942}") = "divide long unsigned", "divide long unsigned\divide long unsigned.vcxproj", "{FC1FD338-7120-40F4-B179-2CE348BB7AC7}"
EndProject
Project("{8BC9CEB8-8B4A-11D0-8D11-00A0C91BC942}") = "Division by multiplication 64", "Division by multiplication 64\Division by multiplication 64.vcxproj", "{755632E1-53B5-47AC-843C-861E1308B607}"
EndProject
Project("{8BC9CEB8-8B4A-11D0-8D11-00A0C91BC942}") = "libdivide", "libdivide\libdivide.vcxproj", "{91C4ABC5-FAF1-426E-9D44-5CB2F94BD817}"
EndProject
Project("{8BC9CEB8-8B4A-11D0-8D11-00A0C91BC942}") = "Miller Rabin Behaviour", "Miller Rabin Behaviour\Miller Rabin Behaviour.vcxproj", "{E5121DB1-6774-45A5-9795-71E5313E6C85}"
	ProjectSection(ProjectDependencies) = postProject
		{2E118B1A-1F7F-49A3-A95C-6919C8517303} = {2E118B1A-1F7F-49A3-A95C-6919C8517303}
	EndProjectSection
EndProject
Project("{8BC9CEB8-8B4A-11D0-8D11-00A0C91BC942}") = "RuttenEekelen", "RuttenEekelen\RuttenEekelen.vcxproj", "{12669164-A7F6-4DE1-BBBA-B50E8A42C4F1}"
EndProject
Project("{8BC9CEB8-8B4A-11D0-8D11-00A0C91BC942}") = "FactorsLib", "FactorsLib\FactorsLib.vcxproj", "{2E118B1A-1F7F-49A3-A95C-6919C8517303}"
EndProject
Project("{8BC9CEB8-8B4A-11D0-8D11-00A0C91BC942}") = "TestFactorsLib", "TestFactorsLib\TestFactorsLib.vcxproj", "{5ECE93B8-334F-4734-98EB-78C34C0F36D6}"
EndProject
Project("{8BC9CEB8-8B4A-11D0-8D11-00A0C91BC942}") = "mpzPollard", "mpzPollard\mpzPollard.vcxproj", "{68430368-D292-44B9-AC66-7804DC8B5C31}"
EndProject
Project("{8BC9CEB8-8B4A-11D0-8D11-00A0C91BC942}") = "Pollard Rho trials", "Pollard Rho trials\Pollard Rho trials.vcxproj", "{82894E4C-AFF0-46FE-BC3D-55F680510127}"
	ProjectSection(ProjectDependencies) = postProject
		{80302417-C9DF-49D6-BE8B-332BFA402396} = {80302417-C9DF-49D6-BE8B-332BFA402396}
		{2E118B1A-1F7F-49A3-A95C-6919C8517303} = {2E118B1A-1F7F-49A3-A95C-6919C8517303}
	EndProjectSection
EndProject
Project("{8BC9CEB8-8B4A-11D0-8D11-00A0C91BC942}") = "Explore montgomery pollard rho", "Explore montgomery pollard rho\Explore montgomery pollard rho.vcxproj", "{39905F23-D93B-4697-A3CE-EA6BBABB8C3C}"
EndProject
Project("{8BC9CEB8-8B4A-11D0-8D11-00A0C91BC942}") = "Test libdivide performance", "Test libdivide performance\Test libdivide performance.vcxproj", "{3E8F2FA2-0FA4-453E-B5A6-F93B7E5D3E12}"
EndProject
Project("{888888A0-9F3D-457C-B088-3A5042F75D52}") = "Test DLL attempt", "Test DLL attempt\Test DLL attempt.pyproj", "{44765960-EED2-4327-A713-89FF71FABA13}"
EndProject
Project("{2150E333-8FDC-42A3-9474-1A3956D46DE8}") = "Experiments", "Experiments", "{227F6B70-D069-4D48-9F97-71E4745605D6}"
EndProject
Project("{8BC9CEB8-8B4A-11D0-8D11-00A0C91BC942}") = "FactorsInteractive", "FactorsInteractive\FactorsInteractive.vcxproj", "{DA3383D2-BD32-4530-B6D4-B0CD70B2D1C2}"
	ProjectSection(ProjectDependencies) = postProject
		{80302417-C9DF-49D6-BE8B-332BFA402396} = {80302417-C9DF-49D6-BE8B-332BFA402396}
	EndProjectSection
EndProject
Global
	GlobalSection(SolutionConfigurationPlatforms) = preSolution
		Debug|Any CPU = Debug|Any CPU
		Debug|Mixed Platforms = Debug|Mixed Platforms
		Debug|Win32 = Debug|Win32
		Debug|x64 = Debug|x64
		Release|Any CPU = Release|Any CPU
		Release|Mixed Platforms = Release|Mixed Platforms
		Release|Win32 = Release|Win32
		Release|x64 = Release|x64
	EndGlobalSection
	GlobalSection(ProjectConfigurationPlatforms) = postSolution
		{BD0B1755-0DF3-4A2D-B28F-ABAEB937B6B5}.Debug|Any CPU.ActiveCfg = Debug|Win32
		{BD0B1755-0DF3-4A2D-B28F-ABAEB937B6B5}.Debug|Mixed Platforms.ActiveCfg = Debug|Win32
		{BD0B1755-0DF3-4A2D-B28F-ABAEB937B6B5}.Debug|Mixed Platforms.Build.0 = Debug|Win32
		{BD0B1755-0DF3-4A2D-B28F-ABAEB937B6B5}.Debug|Win32.ActiveCfg = Debug|Win32
		{BD0B1755-0DF3-4A2D-B28F-ABAEB937B6B5}.Debug|Win32.Build.0 = Debug|Win32
		{BD0B1755-0DF3-4A2D-B28F-ABAEB937B6B5}.Debug|x64.ActiveCfg = Debug|x64
		{BD0B1755-0DF3-4A2D-B28F-ABAEB937B6B5}.Debug|x64.Build.0 = Debug|x64
		{BD0B1755-0DF3-4A2D-B28F-ABAEB937B6B5}.Release|Any CPU.ActiveCfg = Release|Win32
		{BD0B1755-0DF3-4A2D-B28F-ABAEB937B6B5}.Release|Mixed Platforms.ActiveCfg = Release|Win32
		{BD0B1755-0DF3-4A2D-B28F-ABAEB937B6B5}.Release|Mixed Platforms.Build.0 = Release|Win32
		{BD0B1755-0DF3-4A2D-B28F-ABAEB937B6B5}.Release|Win32.ActiveCfg = Release|Win32
		{BD0B1755-0DF3-4A2D-B28F-ABAEB937B6B5}.Release|Win32.Build.0 = Release|Win32
		{BD0B1755-0DF3-4A2D-B28F-ABAEB937B6B5}.Release|x64.ActiveCfg = Release|x64
		{BD0B1755-0DF3-4A2D-B28F-ABAEB937B6B5}.Release|x64.Build.0 = Release|x64
		{26681E83-E044-449A-B0EA-A418BA275F3E}.Debug|Any CPU.ActiveCfg = Debug|Win32
		{26681E83-E044-449A-B0EA-A418BA275F3E}.Debug|Mixed Platforms.ActiveCfg = Debug|Win32
		{26681E83-E044-449A-B0EA-A418BA275F3E}.Debug|Mixed Platforms.Build.0 = Debug|Win32
		{26681E83-E044-449A-B0EA-A418BA275F3E}.Debug|Win32.ActiveCfg = Debug|Win32
		{26681E83-E044-449A-B0EA-A418BA275F3E}.Debug|Win32.Build.0 = Debug|Win32
		{26681E83-E044-449A-B0EA-A418BA275F3E}.Debug|x64.ActiveCfg = Debug|Win32
		{26681E83-E044-449A-B0EA-A418BA275F3E}.Release|Any CPU.ActiveCfg = Release|Win32
		{26681E83-E044-449A-B0EA-A418BA275F3E}.Release|Mixed Platforms.ActiveCfg = Release|Win32
		{26681E83-E044-449A-B0EA-A418BA275F3E}.Release|Mixed Platforms.Build.0 = Release|Win32
		{26681E83-E044-449A-B0EA-A418BA275F3E}.Release|Win32.ActiveCfg = Release|Win32
		{26681E83-E044-449A-B0EA-A418BA275F3E}.Release|Win32.Build.0 = Release|Win32
		{26681E83-E044-449A-B0EA-A418BA275F3E}.Release|x64.ActiveCfg = Release|x64
		{26681E83-E044-449A-B0EA-A418BA275F3E}.Release|x64.Build.0 = Release|x64
		{D3B9D5E8-0DBB-4CB0-941B-BD4BBE3238B1}.Debug|Any CPU.ActiveCfg = Debug|Win32
		{D3B9D5E8-0DBB-4CB0-941B-BD4BBE3238B1}.Debug|Mixed Platforms.ActiveCfg = Debug|Win32
		{D3B9D5E8-0DBB-4CB0-941B-BD4BBE3238B1}.Debug|Mixed Platforms.Build.0 = Debug|Win32
		{D3B9D5E8-0DBB-4CB0-941B-BD4BBE3238B1}.Debug|Win32.ActiveCfg = Debug|Win32
		{D3B9D5E8-0DBB-4CB0-941B-BD4BBE3238B1}.Debug|Win32.Build.0 = Debug|Win32
		{D3B9D5E8-0DBB-4CB0-941B-BD4BBE3238B1}.Debug|x64.ActiveCfg = Debug|Win32
		{D3B9D5E8-0DBB-4CB0-941B-BD4BBE3238B1}.Release|Any CPU.ActiveCfg = Release|Win32
		{D3B9D5E8-0DBB-4CB0-941B-BD4BBE3238B1}.Release|Mixed Platforms.ActiveCfg = Release|Win32
		{D3B9D5E8-0DBB-4CB0-941B-BD4BBE3238B1}.Release|Mixed Platforms.Build.0 = Release|Win32
		{D3B9D5E8-0DBB-4CB0-941B-BD4BBE3238B1}.Release|Win32.ActiveCfg = Release|Win32
		{D3B9D5E8-0DBB-4CB0-941B-BD4BBE3238B1}.Release|Win32.Build.0 = Release|Win32
		{D3B9D5E8-0DBB-4CB0-941B-BD4BBE3238B1}.Release|x64.ActiveCfg = Release|x64
		{80302417-C9DF-49D6-BE8B-332BFA402396}.Debug|Any CPU.ActiveCfg = Debug|Win32
		{80302417-C9DF-49D6-BE8B-332BFA402396}.Debug|Mixed Platforms.ActiveCfg = Debug|Win32
		{80302417-C9DF-49D6-BE8B-332BFA402396}.Debug|Mixed Platforms.Build.0 = Debug|Win32
		{80302417-C9DF-49D6-BE8B-332BFA402396}.Debug|Win32.ActiveCfg = Debug|Win32
		{80302417-C9DF-49D6-BE8B-332BFA402396}.Debug|Win32.Build.0 = Debug|Win32
		{80302417-C9DF-49D6-BE8B-332BFA402396}.Debug|x64.ActiveCfg = Debug|Win32
		{80302417-C9DF-49D6-BE8B-332BFA402396}.Release|Any CPU.ActiveCfg = Release|Win32
		{80302417-C9DF-49D6-BE8B-332BFA402396}.Release|Mixed Platforms.ActiveCfg = Release|Win32
		{80302417-C9DF-49D6-BE8B-332BFA402396}.Release|Mixed Platforms.Build.0 = Release|Win32
		{80302417-C9DF-49D6-BE8B-332BFA402396}.Release|Win32.ActiveCfg = Release|Win32
		{80302417-C9DF-49D6-BE8B-332BFA402396}.Release|Win32.Build.0 = Release|Win32
		{80302417-C9DF-49D6-BE8B-332BFA402396}.Release|x64.ActiveCfg = Release|x64
		{80302417-C9DF-49D6-BE8B-332BFA402396}.Release|x64.Build.0 = Release|x64
		{EFF33D5F-57AA-4AD4-B9AC-6831E3F5C7D3}.Debug|Any CPU.ActiveCfg = Debug|Win32
		{EFF33D5F-57AA-4AD4-B9AC-6831E3F5C7D3}.Debug|Mixed Platforms.ActiveCfg = Debug|Win32
		{EFF33D5F-57AA-4AD4-B9AC-6831E3F5C7D3}.Debug|Mixed Platforms.Build.0 = Debug|Win32
		{EFF33D5F-57AA-4AD4-B9AC-6831E3F5C7D3}.Debug|Win32.ActiveCfg = Debug|Win32
		{EFF33D5F-57AA-4AD4-B9AC-6831E3F5C7D3}.Debug|Win32.Build.0 = Debug|Win32
		{EFF33D5F-57AA-4AD4-B9AC-6831E3F5C7D3}.Debug|x64.ActiveCfg = Debug|Win32
		{EFF33D5F-57AA-4AD4-B9AC-6831E3F5C7D3}.Release|Any CPU.ActiveCfg = Release|Win32
		{EFF33D5F-57AA-4AD4-B9AC-6831E3F5C7D3}.Release|Mixed Platforms.ActiveCfg = Release|Win32
		{EFF33D5F-57AA-4AD4-B9AC-6831E3F5C7D3}.Release|Mixed Platforms.Build.0 = Release|Win32
		{EFF33D5F-57AA-4AD4-B9AC-6831E3F5C7D3}.Release|Win32.ActiveCfg = Release|Win32
		{EFF33D5F-57AA-4AD4-B9AC-6831E3F5C7D3}.Release|Win32.Build.0 = Release|Win32
		{EFF33D5F-57AA-4AD4-B9AC-6831E3F5C7D3}.Release|x64.ActiveCfg = Release|x64
		{EFF33D5F-57AA-4AD4-B9AC-6831E3F5C7D3}.Release|x64.Build.0 = Release|x64
		{530DC532-FA29-41FD-B8DA-7A7A4E203993}.Debug|Any CPU.ActiveCfg = Debug|Win32
		{530DC532-FA29-41FD-B8DA-7A7A4E203993}.Debug|Mixed Platforms.ActiveCfg = Debug|Win32
		{530DC532-FA29-41FD-B8DA-7A7A4E203993}.Debug|Mixed Platforms.Build.0 = Debug|Win32
		{530DC532-FA29-41FD-B8DA-7A7A4E203993}.Debug|Win32.ActiveCfg = Debug|Win32
		{530DC532-FA29-41FD-B8DA-7A7A4E203993}.Debug|Win32.Build.0 = Debug|Win32
		{530DC532-FA29-41FD-B8DA-7A7A4E203993}.Debug|x64.ActiveCfg = Debug|Win32
		{530DC532-FA29-41FD-B8DA-7A7A4E203993}.Release|Any CPU.ActiveCfg = Release|Win32
		{530DC532-FA29-41FD-B8DA-7A7A4E203993}.Release|Mixed Platforms.ActiveCfg = Release|Win32
		{530DC532-FA29-41FD-B8DA-7A7A4E203993}.Release|Mixed Platforms.Build.0 = Release|Win32
		{530DC532-FA29-41FD-B8DA-7A7A4E203993}.Release|Win32.ActiveCfg = Release|Win32
		{530DC532-FA29-41FD-B8DA-7A7A4E203993}.Release|Win32.Build.0 = Release|Win32
		{530DC532-FA29-41FD-B8DA-7A7A4E203993}.Release|x64.ActiveCfg = Release|x64
		{530DC532-FA29-41FD-B8DA-7A7A4E203993}.Release|x64.Build.0 = Release|x64
		{D4B3B630-DE02-493B-AEBA-9E108DED6CB7}.Debug|Any CPU.ActiveCfg = Debug|Win32
		{D4B3B630-DE02-493B-AEBA-9E108DED6CB7}.Debug|Mixed Platforms.ActiveCfg = Debug|Win32
		{D4B3B630-DE02-493B-AEBA-9E108DED6CB7}.Debug|Mixed Platforms.Build.0 = Debug|Win32
		{D4B3B630-DE02-493B-AEBA-9E108DED6CB7}.Debug|Win32.ActiveCfg = Debug|Win32
		{D4B3B630-DE02-493B-AEBA-9E108DED6CB7}.Debug|Win32.Build.0 = Debug|Win32
		{D4B3B630-DE02-493B-AEBA-9E108DED6CB7}.Debug|x64.ActiveCfg = Debug|Win32
		{D4B3B630-DE02-493B-AEBA-9E108DED6CB7}.Release|Any CPU.ActiveCfg = Release|Win32
		{D4B3B630-DE02-493B-AEBA-9E108DED6CB7}.Release|Mixed Platforms.ActiveCfg = Release|Win32
		{D4B3B630-DE02-493B-AEBA-9E108DED6CB7}.Release|Mixed Platforms.Build.0 = Release|Win32
		{D4B3B630-DE02-493B-AEBA-9E108DED6CB7}.Release|Win32.ActiveCfg = Release|Win32
		{D4B3B630-DE02-493B-AEBA-9E108DED6CB7}.Release|Win32.Build.0 = Release|Win32
		{D4B3B630-DE02-493B-AEBA-9E108DED6CB7}.Release|x64.ActiveCfg = Release|x64
		{D4B3B630-DE02-493B-AEBA-9E108DED6CB7}.Release|x64.Build.0 = Release|x64
		{FC1FD338-7120-40F4-B179-2CE348BB7AC7}.Debug|Any CPU.ActiveCfg = Debug|Win32
		{FC1FD338-7120-40F4-B179-2CE348BB7AC7}.Debug|Mixed Platforms.ActiveCfg = Debug|Win32
		{FC1FD338-7120-40F4-B179-2CE348BB7AC7}.Debug|Mixed Platforms.Build.0 = Debug|Win32
		{FC1FD338-7120-40F4-B179-2CE348BB7AC7}.Debug|Win32.ActiveCfg = Debug|Win32
		{FC1FD338-7120-40F4-B179-2CE348BB7AC7}.Debug|Win32.Build.0 = Debug|Win32
		{FC1FD338-7120-40F4-B179-2CE348BB7AC7}.Debug|x64.ActiveCfg = Debug|Win32
		{FC1FD338-7120-40F4-B179-2CE348BB7AC7}.Release|Any CPU.ActiveCfg = Release|Win32
		{FC1FD338-7120-40F4-B179-2CE348BB7AC7}.Release|Mixed Platforms.ActiveCfg = Release|Win32
		{FC1FD338-7120-40F4-B179-2CE348BB7AC7}.Release|Mixed Platforms.Build.0 = Release|Win32
		{FC1FD338-7120-40F4-B179-2CE348BB7AC7}.Release|Win32.ActiveCfg = Release|Win32
		{FC1FD338-7120-40F4-B179-2CE348BB7AC7}.Release|Win32.Build.0 = Release|Win32
		{FC1FD338-7120-40F4-B179-2CE348BB7AC7}.Release|x64.ActiveCfg = Release|x64
		{FC1FD338-7120-40F4-B179-2CE348BB7AC7}.Release|x64.Build.0 = Release|x64
		{755632E1-53B5-47AC-843C-861E1308B607}.Debug|Any CPU.ActiveCfg = Debug|Win32
		{755632E1-53B5-47AC-843C-861E1308B607}.Debug|Mixed Platforms.ActiveCfg = Debug|Win32
		{755632E1-53B5-47AC-843C-861E1308B607}.Debug|Mixed Platforms.Build.0 = Debug|Win32
		{755632E1-53B5-47AC-843C-861E1308B607}.Debug|Win32.ActiveCfg = Debug|Win32
		{755632E1-53B5-47AC-843C-861E1308B607}.Debug|Win32.Build.0 = Debug|Win32
		{755632E1-53B5-47AC-843C-861E1308B607}.Debug|x64.ActiveCfg = Debug|Win32
		{755632E1-53B5-47AC-843C-861E1308B607}.Release|Any CPU.ActiveCfg = Release|Win32
		{755632E1-53B5-47AC-843C-861E1308B607}.Release|Mixed Platforms.ActiveCfg = Release|Win32
		{755632E1-53B5-47AC-843C-861E1308B607}.Release|Mixed Platforms.Build.0 = Release|Win32
		{755632E1-53B5-47AC-843C-861E1308B607}.Release|Win32.ActiveCfg = Release|Win32
		{755632E1-53B5-47AC-843C-861E1308B607}.Release|Win32.Build.0 = Release|Win32
		{755632E1-53B5-47AC-843C-861E1308B607}.Release|x64.ActiveCfg = Release|x64
		{755632E1-53B5-47AC-843C-861E1308B607}.Release|x64.Build.0 = Release|x64
		{91C4ABC5-FAF1-426E-9D44-5CB2F94BD817}.Debug|Any CPU.ActiveCfg = Debug|Win32
		{91C4ABC5-FAF1-426E-9D44-5CB2F94BD817}.Debug|Mixed Platforms.ActiveCfg = Debug|Win32
		{91C4ABC5-FAF1-426E-9D44-5CB2F94BD817}.Debug|Mixed Platforms.Build.0 = Debug|Win32
		{91C4ABC5-FAF1-426E-9D44-5CB2F94BD817}.Debug|Win32.ActiveCfg = Debug|Win32
		{91C4ABC5-FAF1-426E-9D44-5CB2F94BD817}.Debug|Win32.Build.0 = Debug|Win32
		{91C4ABC5-FAF1-426E-9D44-5CB2F94BD817}.Debug|x64.ActiveCfg = Debug|Win32
		{91C4ABC5-FAF1-426E-9D44-5CB2F94BD817}.Release|Any CPU.ActiveCfg = Release|Win32
		{91C4ABC5-FAF1-426E-9D44-5CB2F94BD817}.Release|Mixed Platforms.ActiveCfg = Release|Win32
		{91C4ABC5-FAF1-426E-9D44-5CB2F94BD817}.Release|Mixed Platforms.Build.0 = Release|Win32
		{91C4ABC5-FAF1-426E-9D44-5CB2F94BD817}.Release|Win32.ActiveCfg = Release|Win32
		{91C4ABC5-FAF1-426E-9D44-5CB2F94BD817}.Release|Win32.Build.0 = Release|Win32
		{91C4ABC5-FAF1-426E-9D44-5CB2F94BD817}.Release|x64.ActiveCfg = Release|x64
		{91C4ABC5-FAF1-426E-9D44-5CB2F94BD817}.Release|x64.Build.0 = Release|x64
		{E5121DB1-6774-45A5-9795-71E5313E6C85}.Debug|Any CPU.ActiveCfg = Debug|Win32
		{E5121DB1-6774-45A5-9795-71E5313E6C85}.Debug|Mixed Platforms.ActiveCfg = Debug|Win32
		{E5121DB1-6774-45A5-9795-71E5313E6C85}.Debug|Mixed Platforms.Build.0 = Debug|Win32
		{E5121DB1-6774-45A5-9795-71E5313E6C85}.Debug|Win32.ActiveCfg = Debug|Win32
		{E5121DB1-6774-45A5-9795-71E5313E6C85}.Debug|Win32.Build.0 = Debug|Win32
		{E5121DB1-6774-45A5-9795-71E5313E6C85}.Debug|x64.ActiveCfg = Debug|Win32
		{E5121DB1-6774-45A5-9795-71E5313E6C85}.Release|Any CPU.ActiveCfg = Release|Win32
		{E5121DB1-6774-45A5-9795-71E5313E6C85}.Release|Mixed Platforms.ActiveCfg = Release|Win32
		{E5121DB1-6774-45A5-9795-71E5313E6C85}.Release|Mixed Platforms.Build.0 = Release|Win32
		{E5121DB1-6774-45A5-9795-71E5313E6C85}.Release|Win32.ActiveCfg = Release|Win32
		{E5121DB1-6774-45A5-9795-71E5313E6C85}.Release|Win32.Build.0 = Release|Win32
		{E5121DB1-6774-45A5-9795-71E5313E6C85}.Release|x64.ActiveCfg = Release|x64
		{E5121DB1-6774-45A5-9795-71E5313E6C85}.Release|x64.Build.0 = Release|x64
		{12669164-A7F6-4DE1-BBBA-B50E8A42C4F1}.Debug|Any CPU.ActiveCfg = Debug|Win32
		{12669164-A7F6-4DE1-BBBA-B50E8A42C4F1}.Debug|Mixed Platforms.ActiveCfg = Debug|Win32
		{12669164-A7F6-4DE1-BBBA-B50E8A42C4F1}.Debug|Mixed Platforms.Build.0 = Debug|Win32
		{12669164-A7F6-4DE1-BBBA-B50E8A42C4F1}.Debug|Win32.ActiveCfg = Debug|Win32
		{12669164-A7F6-4DE1-BBBA-B50E8A42C4F1}.Debug|Win32.Build.0 = Debug|Win32
		{12669164-A7F6-4DE1-BBBA-B50E8A42C4F1}.Debug|x64.ActiveCfg = Debug|Win32
		{12669164-A7F6-4DE1-BBBA-B50E8A42C4F1}.Release|Any CPU.ActiveCfg = Release|Win32
		{12669164-A7F6-4DE1-BBBA-B50E8A42C4F1}.Release|Mixed Platforms.ActiveCfg = Release|Win32
		{12669164-A7F6-4DE1-BBBA-B50E8A42C4F1}.Release|Mixed Platforms.Build.0 = Release|Win32
		{12669164-A7F6-4DE1-BBBA-B50E8A42C4F1}.Release|Win32.ActiveCfg = Release|Win32
		{12669164-A7F6-4DE1-BBBA-B50E8A42C4F1}.Release|Win32.Build.0 = Release|Win32
		{12669164-A7F6-4DE1-BBBA-B50E8A42C4F1}.Release|x64.ActiveCfg = Release|x64
		{12669164-A7F6-4DE1-BBBA-B50E8A42C4F1}.Release|x64.Build.0 = Release|x64
		{2E118B1A-1F7F-49A3-A95C-6919C8517303}.Debug|Any CPU.ActiveCfg = Debug|Win32
		{2E118B1A-1F7F-49A3-A95C-6919C8517303}.Debug|Mixed Platforms.ActiveCfg = Debug|Win32
		{2E118B1A-1F7F-49A3-A95C-6919C8517303}.Debug|Mixed Platforms.Build.0 = Debug|Win32
		{2E118B1A-1F7F-49A3-A95C-6919C8517303}.Debug|Win32.ActiveCfg = Debug|Win32
		{2E118B1A-1F7F-49A3-A95C-6919C8517303}.Debug|Win32.Build.0 = Debug|Win32
		{2E118B1A-1F7F-49A3-A95C-6919C8517303}.Debug|x64.ActiveCfg = Debug|Win32
		{2E118B1A-1F7F-49A3-A95C-6919C8517303}.Release|Any CPU.ActiveCfg = Release|Win32
		{2E118B1A-1F7F-49A3-A95C-6919C8517303}.Release|Mixed Platforms.ActiveCfg = Release|Win32
		{2E118B1A-1F7F-49A3-A95C-6919C8517303}.Release|Mixed Platforms.Build.0 = Release|Win32
		{2E118B1A-1F7F-49A3-A95C-6919C8517303}.Release|Win32.ActiveCfg = Release|Win32
		{2E118B1A-1F7F-49A3-A95C-6919C8517303}.Release|Win32.Build.0 = Release|Win32
		{2E118B1A-1F7F-49A3-A95C-6919C8517303}.Release|x64.ActiveCfg = Release|x64
		{2E118B1A-1F7F-49A3-A95C-6919C8517303}.Release|x64.Build.0 = Release|x64
		{5ECE93B8-334F-4734-98EB-78C34C0F36D6}.Debug|Any CPU.ActiveCfg = Debug|Win32
		{5ECE93B8-334F-4734-98EB-78C34C0F36D6}.Debug|Mixed Platforms.ActiveCfg = Debug|Win32
		{5ECE93B8-334F-4734-98EB-78C34C0F36D6}.Debug|Mixed Platforms.Build.0 = Debug|Win32
		{5ECE93B8-334F-4734-98EB-78C34C0F36D6}.Debug|Win32.ActiveCfg = Debug|Win32
		{5ECE93B8-334F-4734-98EB-78C34C0F36D6}.Debug|Win32.Build.0 = Debug|Win32
		{5ECE93B8-334F-4734-98EB-78C34C0F36D6}.Debug|x64.ActiveCfg = Debug|Win32
		{5ECE93B8-334F-4734-98EB-78C34C0F36D6}.Release|Any CPU.ActiveCfg = Release|Win32
		{5ECE93B8-334F-4734-98EB-78C34C0F36D6}.Release|Mixed Platforms.ActiveCfg = Release|Win32
		{5ECE93B8-334F-4734-98EB-78C34C0F36D6}.Release|Mixed Platforms.Build.0 = Release|Win32
		{5ECE93B8-334F-4734-98EB-78C34C0F36D6}.Release|Win32.ActiveCfg = Release|Win32
		{5ECE93B8-334F-4734-98EB-78C34C0F36D6}.Release|Win32.Build.0 = Release|Win32
		{5ECE93B8-334F-4734-98EB-78C34C0F36D6}.Release|x64.ActiveCfg = Release|x64
		{5ECE93B8-334F-4734-98EB-78C34C0F36D6}.Release|x64.Build.0 = Release|x64
		{68430368-D292-44B9-AC66-7804DC8B5C31}.Debug|Any CPU.ActiveCfg = Debug|Win32
		{68430368-D292-44B9-AC66-7804DC8B5C31}.Debug|Mixed Platforms.ActiveCfg = Debug|Win32
		{68430368-D292-44B9-AC66-7804DC8B5C31}.Debug|Mixed Platforms.Build.0 = Debug|Win32
		{68430368-D292-44B9-AC66-7804DC8B5C31}.Debug|Win32.ActiveCfg = Debug|Win32
		{68430368-D292-44B9-AC66-7804DC8B5C31}.Debug|Win32.Build.0 = Debug|Win32
		{68430368-D292-44B9-AC66-7804DC8B5C31}.Debug|x64.ActiveCfg = Debug|x64
		{68430368-D292-44B9-AC66-7804DC8B5C31}.Debug|x64.Build.0 = Debug|x64
		{68430368-D292-44B9-AC66-7804DC8B5C31}.Release|Any CPU.ActiveCfg = Release|Win32
		{68430368-D292-44B9-AC66-7804DC8B5C31}.Release|Mixed Platforms.ActiveCfg = Release|Win32
		{68430368-D292-44B9-AC66-7804DC8B5C31}.Release|Mixed Platforms.Build.0 = Release|Win32
		{68430368-D292-44B9-AC66-7804DC8B5C31}.Release|Win32.ActiveCfg = Release|Win32
		{68430368-D292-44B9-AC66-7804DC8B5C31}.Release|Win32.Build.0 = Release|Win32
		{68430368-D292-44B9-AC66-7804DC8B5C31}.Release|x64.ActiveCfg = Release|x64
		{68430368-D292-44B9-AC66-7804DC8B5C31}.Release|x64.Build.0 = Release|x64
		{82894E4C-AFF0-46FE-BC3D-55F680510127}.Debug|Any CPU.ActiveCfg = Debug|Win32
		{82894E4C-AFF0-46FE-BC3D-55F680510127}.Debug|Mixed Platforms.ActiveCfg = Debug|Win32
		{82894E4C-AFF0-46FE-BC3D-55F680510127}.Debug|Mixed Platforms.Build.0 = Debug|Win32
		{82894E4C-AFF0-46FE-BC3D-55F680510127}.Debug|Win32.ActiveCfg = Debug|Win32
		{82894E4C-AFF0-46FE-BC3D-55F680510127}.Debug|Win32.Build.0 = Debug|Win32
		{82894E4C-AFF0-46FE-BC3D-55F680510127}.Debug|x64.ActiveCfg = Debug|x64
		{82894E4C-AFF0-46FE-BC3D-55F680510127}.Debug|x64.Build.0 = Debug|x64
		{82894E4C-AFF0-46FE-BC3D-55F680510127}.Release|Any CPU.ActiveCfg = Release|Win32
		{82894E4C-AFF0-46FE-BC3D-55F680510127}.Release|Mixed Platforms.ActiveCfg = Release|Win32
		{82894E4C-AFF0-46FE-BC3D-55F680510127}.Release|Mixed Platforms.Build.0 = Release|Win32
		{82894E4C-AFF0-46FE-BC3D-55F680510127}.Release|Win32.ActiveCfg = Release|Win32
		{82894E4C-AFF0-46FE-BC3D-55F680510127}.Release|Win32.Build.0 = Release|Win32
		{82894E4C-AFF0-46FE-BC3D-55F680510127}.Release|x64.ActiveCfg = Release|x64
		{82894E4C-AFF0-46FE-BC3D-55F680510127}.Release|x64.Build.0 = Release|x64
		{39905F23-D93B-4697-A3CE-EA6BBABB8C3C}.Debug|Any CPU.ActiveCfg = Debug|Win32
		{39905F23-D93B-4697-A3CE-EA6BBABB8C3C}.Debug|Mixed Platforms.ActiveCfg = Debug|Win32
		{39905F23-D93B-4697-A3CE-EA6BBABB8C3C}.Debug|Mixed Platforms.Build.0 = Debug|Win32
		{39905F23-D93B-4697-A3CE-EA6BBABB8C3C}.Debug|Win32.ActiveCfg = Debug|Win32
		{39905F23-D93B-4697-A3CE-EA6BBABB8C3C}.Debug|Win32.Build.0 = Debug|Win32
		{39905F23-D93B-4697-A3CE-EA6BBABB8C3C}.Debug|x64.ActiveCfg = Debug|x64
		{39905F23-D93B-4697-A3CE-EA6BBABB8C3C}.Debug|x64.Build.0 = Debug|x64
		{39905F23-D93B-4697-A3CE-EA6BBABB8C3C}.Release|Any CPU.ActiveCfg = Release|Win32
		{39905F23-D93B-4697-A3CE-EA6BBABB8C3C}.Release|Mixed Platforms.ActiveCfg = Release|Win32
		{39905F23-D93B-4697-A3CE-EA6BBABB8C3C}.Release|Mixed Platforms.Build.0 = Release|Win32
		{39905F23-D93B-4697-A3CE-EA6BBABB8C3C}.Release|Win32.ActiveCfg = Release|Win32
		{39905F23-D93B-4697-A3CE-EA6BBABB8C3C}.Release|Win32.Build.0 = Release|Win32
		{39905F23-D93B-4697-A3CE-EA6BBABB8C3C}.Release|x64.ActiveCfg = Release|x64
		{39905F23-D93B-4697-A3CE-EA6BBABB8C3C}.Release|x64.Build.0 = Release|x64
		{3E8F2FA2-0FA4-453E-B5A6-F93B7E5D3E12}.Debug|Any CPU.ActiveCfg = Debug|Win32
		{3E8F2FA2-0FA4-453E-B5A6-F93B7E5D3E12}.Debug|Mixed Platforms.ActiveCfg = Debug|Win32
		{3E8F2FA2-0FA4-453E-B5A6-F93B7E5D3E12}.Debug|Mixed Platforms.Build.0 = Debug|Win32
		{3E8F2FA2-0FA4-453E-B5A6-F93B7E5D3E12}.Debug|Win32.ActiveCfg = Debug|Win32
		{3E8F2FA2-0FA4-453E-B5A6-F93B7E5D3E12}.Debug|Win32.Build.0 = Debug|Win32
		{3E8F2FA2-0FA4-453E-B5A6-F93B7E5D3E12}.Debug|x64.ActiveCfg = Debug|x64
		{3E8F2FA2-0FA4-453E-B5A6-F93B7E5D3E12}.Debug|x64.Build.0 = Debug|x64
		{3E8F2FA2-0FA4-453E-B5A6-F93B7E5D3E12}.Release|Any CPU.ActiveCfg = Release|Win32
		{3E8F2FA2-0FA4-453E-B5A6-F93B7E5D3E12}.Release|Mixed Platforms.ActiveCfg = Release|Win32
		{3E8F2FA2-0FA4-453E-B5A6-F93B7E5D3E12}.Release|Mixed Platforms.Build.0 = Release|Win32
		{3E8F2FA2-0FA4-453E-B5A6-F93B7E5D3E12}.Release|Win32.ActiveCfg = Release|Win32
		{3E8F2FA2-0FA4-453E-B5A6-F93B7E5D3E12}.Release|Win32.Build.0 = Release|Win32
		{3E8F2FA2-0FA4-453E-B5A6-F93B7E5D3E12}.Release|x64.ActiveCfg = Release|x64
		{3E8F2FA2-0FA4-453E-B5A6-F93B7E5D3E12}.Release|x64.Build.0 = Release|x64
		{44765960-EED2-4327-A713-89FF71FABA13}.Debug|Any CPU.ActiveCfg = Debug|Any CPU
		{44765960-EED2-4327-A713-89FF71FABA13}.Debug|Mixed Platforms.ActiveCfg = Debug|Any CPU
		{44765960-EED2-4327-A713-89FF71FABA13}.Debug|Win32.ActiveCfg = Debug|Any CPU
		{44765960-EED2-4327-A713-89FF71FABA13}.Debug|x64.ActiveCfg = Debug|Any CPU
		{44765960-EED2-4327-A713-89FF71FABA13}.Release|Any CPU.ActiveCfg = Release|Any CPU
		{44765960-EED2-4327-A713-89FF71FABA13}.Release|Mixed Platforms.ActiveCfg = Release|Any CPU
		{44765960-EED2-4327-A713-89FF71FABA13}.Release|Win32.ActiveCfg = Release|Any CPU
		{44765960-EED2-4327-A713-89FF71FABA13}.Release|x64.ActiveCfg = Release|Any CPU
		{DA3383D2-BD32-4530-B6D4-B0CD70B2D1C2}.Debug|Any CPU.ActiveCfg = Debug|Win32
		{DA3383D2-BD32-4530-B6D4-B0CD70B2D1C2}.Debug|Mixed Platforms.ActiveCfg = Debug|Win32
		{DA3383D2-BD32-4530-B6D4-B0CD70B2D1C2}.Debug|Mixed Platforms.Build.0 = Debug|Win32
		{DA3383D2-BD32-4530-B6D4-B0CD70B2D1C2}.Debug|Win32.ActiveCfg = Debug|Win32
		{DA3383D2-BD32-4530-B6D4-B0CD70B2D1C2}.Debug|Win32.Build.0 = Debug|Win32
		{DA3383D2-BD32-4530-B6D4-B0CD70B2D1C2}.Debug|x64.ActiveCfg = Debug|x64
		{DA3383D2-BD32-4530-B6D4-B0CD70B2D1C2}.Debug|x64.Build.0 = Debug|x64
		{DA3383D2-BD32-4530-B6D4-B0CD70B2D1C2}.Release|Any CPU.ActiveCfg = Release|Win32
		{DA3383D2-BD32-4530-B6D4-B0CD70B2D1C2}.Release|Mixed Platforms.ActiveCfg = Release|Win32
		{DA3383D2-BD32-4530-B6D4-B0CD70B2D1C2}.Release|Mixed Platforms.Build.0 = Release|Win32
		{DA3383D2-BD32-4530-B6D4-B0CD70B2D1C2}.Release|Win32.ActiveCfg = Release|Win32
		{DA3383D2-BD32-4530-B6D4-B0CD70B2D1C2}.Release|Win32.Build.0 = Release|Win32
		{DA3383D2-BD32-4530-B6D4-B0CD70B2D1C2}.Release|x64.ActiveCfg = Release|x64
		{DA3383D2-BD32-4530-B6D4-B0CD70B2D1C2}.Release|x64.Build.0 = Release|x64
	EndGlobalSection
	GlobalSection(SolutionProperties) = preSolution
		HideSolutionNode = FALSE
	EndGlobalSection
	GlobalSection(NestedProjects) = preSolution
		{BD0B1755-0DF3-4A2D-B28F-ABAEB937B6B5} = {227F6B70-D069-4D48-9F97-71E4745605D6}
		{26681E83-E044-449A-B0EA-A418BA275F3E} = {227F6B70-D069-4D48-9F97-71E4745605D6}
		{D3B9D5E8-0DBB-4CB0-941B-BD4BBE3238B1} = {227F6B70-D069-4D48-9F97-71E4745605D6}
		{530DC532-FA29-41FD-B8DA-7A7A4E203993} = {227F6B70-D069-4D48-9F97-71E4745605D6}
		{D4B3B630-DE02-493B-AEBA-9E108DED6CB7} = {227F6B70-D069-4D48-9F97-71E4745605D6}
		{FC1FD338-7120-40F4-B179-2CE348BB7AC7} = {227F6B70-D069-4D48-9F97-71E4745605D6}
		{755632E1-53B5-47AC-843C-861E1308B607} = {227F6B70-D069-4D48-9F97-71E4745605D6}
		{91C4ABC5-FAF1-426E-9D44-5CB2F94BD817} = {227F6B70-D069-4D48-9F97-71E4745605D6}
		{E5121DB1-6774-45A5-9795-71E5313E6C85} = {227F6B70-D069-4D48-9F97-71E4745605D6}
		{12669164-A7F6-4DE1-BBBA-B50E8A42C4F1} = {227F6B70-D069-4D48-9F97-71E4745605D6}
		{5ECE93B8-334F-4734-98EB-78C34C0F36D6} = {227F6B70-D069-4D48-9F97-71E4745605D6}
		{68430368-D292-44B9-AC66-7804DC8B5C31} = {227F6B70-D069-4D48-9F97-71E4745605D6}
		{82894E4C-AFF0-46FE-BC3D-55F680510127} = {227F6B70-D069-4D48-9F97-71E4745605D6}
		{39905F23-D93B-4697-A3CE-EA6BBABB8C3C} = {227F6B70-D069-4D48-9F97-71E4745605D6}
		{3E8F2FA2-0FA4-453E-B5A6-F93B7E5D3E12} = {227F6B70-D069-4D48-9F97-71E4745605D6}
		{44765960-EED2-4327-A713-89FF71FABA13} = {227F6B70-D069-4D48-9F97-71E4745605D6}
	EndGlobalSection
	GlobalSection(ExtensibilityGlobals) = postSolution
		SolutionGuid = {D74785A7-CDBA-48D4-8756-8CD9871C4E12}
	EndGlobalSection
EndGlobal
